
Microsoft Visual Studio Solution File, Format Version 12.00
# Visual Studio Version 17
VisualStudioVersion = 17.0.32112.339
MinimumVisualStudioVersion = 10.0.40219.1
Project("{9A19103F-16F7-4668-BE54-9A1E7A4F7556}") = "MarsRobot", "MarsRobot\MarsRobot.csproj", "{6BAC18C3-984D-425C-B2BA-1E27ABC2C701}"
EndProject
Project("{FAE04EC0-301F-11D3-BF4B-00C04F79EFBC}") = "MarsRobot.Tests", "MarsRobot.Tests\MarsRobot.Tests.csproj", "{C4676616-DC2D-4C53-9B8C-FF26C9FB13A9}"
	ProjectSection(ProjectDependencies) = postProject
		{6BAC18C3-984D-425C-B2BA-1E27ABC2C701} = {6BAC18C3-984D-425C-B2BA-1E27ABC2C701}
	EndProjectSection
EndProject
Global
	GlobalSection(SolutionConfigurationPlatforms) = preSolution
		Debug|Any CPU = Debug|Any CPU
		Release|Any CPU = Release|Any CPU
	EndGlobalSection
	GlobalSection(ProjectConfigurationPlatforms) = postSolution
		{6BAC18C3-984D-425C-B2BA-1E27ABC2C701}.Debug|Any CPU.ActiveCfg = Debug|Any CPU
		{6BAC18C3-984D-425C-B2BA-1E27ABC2C701}.Debug|Any CPU.Build.0 = Debug|Any CPU
		{6BAC18C3-984D-425C-B2BA-1E27ABC2C701}.Release|Any CPU.ActiveCfg = Release|Any CPU
		{6BAC18C3-984D-425C-B2BA-1E27ABC2C701}.Release|Any CPU.Build.0 = Release|Any CPU
		{C4676616-DC2D-4C53-9B8C-FF26C9FB13A9}.Debug|Any CPU.ActiveCfg = Debug|Any CPU
		{C4676616-DC2D-4C53-9B8C-FF26C9FB13A9}.Debug|Any CPU.Build.0 = Debug|Any CPU
		{C4676616-DC2D-4C53-9B8C-FF26C9FB13A9}.Release|Any CPU.ActiveCfg = Release|Any CPU
		{C4676616-DC2D-4C53-9B8C-FF26C9FB13A9}.Release|Any CPU.Build.0 = Release|Any CPU
	EndGlobalSection
	GlobalSection(SolutionProperties) = preSolution
		HideSolutionNode = FALSE
	EndGlobalSection
	GlobalSection(ExtensibilityGlobals) = postSolution
		SolutionGuid = {25C73B43-80D0-497F-A7A4-46B86821B79F}
	EndGlobalSection
EndGlobal
